{
  "name": "testmodule",
  "version": "1.0.0",
  "lockfileVersion": 3,
  "requires": true,
  "packages": {
    "": {
      "name": "testmodule",
      "version": "1.0.0",
      "license": "ISC",
      "dependencies": {
        "calculatorbyshubham": "^1.0.0"
      }
    },
    "node_modules/calculatorbyshubham": {
      "version": "1.0.0",
      "resolved": "https://registry.npmjs.org/calculatorbyshubham/-/calculatorbyshubham-1.0.0.tgz",
      "integrity": "sha512-bPPWcj6FLeCMEMPzNoL95vme/ReYecJFcXfydlcLXrKKP9fMZSXj7a0RxKTMNF3s7N5bM6tOkGIePqPXlGM2ew=="
    }
  }
}
